
Microsoft Visual Studio Solution File, Format Version 12.00
# Visual Studio Version 17
VisualStudioVersion = 17.8.34316.72
MinimumVisualStudioVersion = 10.0.40219.1
Project("{9A19103F-16F7-4668-BE54-9A1E7A4F7556}") = "MusicCast", "MusicCast.csproj", "{9221ED2A-3B2E-430D-98EF-46284F64220D}"
EndProject
Project("{9A19103F-16F7-4668-BE54-9A1E7A4F7556}") = "MusicCast.Shared", "..\MusicCast.Shared\MusicCast.Shared.csproj", "{F3722996-7B87-4963-B2AB-4DA64DCDAA20}"
EndProject
Project("{9A19103F-16F7-4668-BE54-9A1E7A4F7556}") = "MusicCast.Components", "..\MusicCast.Components\MusicCast.Components.csproj", "{950A399B-2B3D-4253-9B6D-D87BFC727C8A}"
EndProject
Project("{9A19103F-16F7-4668-BE54-9A1E7A4F7556}") = "MusicCast.Pages", "..\MusicCast.Pages\MusicCast.Pages.csproj", "{56DA2C37-73B6-4ADB-B393-F2A3344D8CF9}"
EndProject
Project("{9A19103F-16F7-4668-BE54-9A1E7A4F7556}") = "SharedMauiLib", "..\Lib\SharedMauiLib\SharedMauiLib.csproj", "{4B440158-61BE-41D0-AD29-002151B86733}"
EndProject
Global
	GlobalSection(SolutionConfigurationPlatforms) = preSolution
		Debug|Any CPU = Debug|Any CPU
		Release|Any CPU = Release|Any CPU
	EndGlobalSection
	GlobalSection(ProjectConfigurationPlatforms) = postSolution
		{9221ED2A-3B2E-430D-98EF-46284F64220D}.Debug|Any CPU.ActiveCfg = Debug|Any CPU
		{9221ED2A-3B2E-430D-98EF-46284F64220D}.Debug|Any CPU.Build.0 = Debug|Any CPU
		{9221ED2A-3B2E-430D-98EF-46284F64220D}.Debug|Any CPU.Deploy.0 = Debug|Any CPU
		{9221ED2A-3B2E-430D-98EF-46284F64220D}.Release|Any CPU.ActiveCfg = Release|Any CPU
		{9221ED2A-3B2E-430D-98EF-46284F64220D}.Release|Any CPU.Build.0 = Release|Any CPU
		{9221ED2A-3B2E-430D-98EF-46284F64220D}.Release|Any CPU.Deploy.0 = Release|Any CPU
		{F3722996-7B87-4963-B2AB-4DA64DCDAA20}.Debug|Any CPU.ActiveCfg = Debug|Any CPU
		{F3722996-7B87-4963-B2AB-4DA64DCDAA20}.Debug|Any CPU.Build.0 = Debug|Any CPU
		{F3722996-7B87-4963-B2AB-4DA64DCDAA20}.Release|Any CPU.ActiveCfg = Release|Any CPU
		{F3722996-7B87-4963-B2AB-4DA64DCDAA20}.Release|Any CPU.Build.0 = Release|Any CPU
		{950A399B-2B3D-4253-9B6D-D87BFC727C8A}.Debug|Any CPU.ActiveCfg = Debug|Any CPU
		{950A399B-2B3D-4253-9B6D-D87BFC727C8A}.Debug|Any CPU.Build.0 = Debug|Any CPU
		{950A399B-2B3D-4253-9B6D-D87BFC727C8A}.Release|Any CPU.ActiveCfg = Release|Any CPU
		{950A399B-2B3D-4253-9B6D-D87BFC727C8A}.Release|Any CPU.Build.0 = Release|Any CPU
		{56DA2C37-73B6-4ADB-B393-F2A3344D8CF9}.Debug|Any CPU.ActiveCfg = Debug|Any CPU
		{56DA2C37-73B6-4ADB-B393-F2A3344D8CF9}.Debug|Any CPU.Build.0 = Debug|Any CPU
		{56DA2C37-73B6-4ADB-B393-F2A3344D8CF9}.Release|Any CPU.ActiveCfg = Release|Any CPU
		{56DA2C37-73B6-4ADB-B393-F2A3344D8CF9}.Release|Any CPU.Build.0 = Release|Any CPU
		{4B440158-61BE-41D0-AD29-002151B86733}.Debug|Any CPU.ActiveCfg = Debug|Any CPU
		{4B440158-61BE-41D0-AD29-002151B86733}.Debug|Any CPU.Build.0 = Debug|Any CPU
		{4B440158-61BE-41D0-AD29-002151B86733}.Release|Any CPU.ActiveCfg = Release|Any CPU
		{4B440158-61BE-41D0-AD29-002151B86733}.Release|Any CPU.Build.0 = Release|Any CPU
	EndGlobalSection
	GlobalSection(SolutionProperties) = preSolution
		HideSolutionNode = FALSE
	EndGlobalSection
	GlobalSection(ExtensibilityGlobals) = postSolution
		SolutionGuid = {F49FDA8A-8C2B-4FB5-A948-E3CF9AB9361A}
	EndGlobalSection
EndGlobal
